
Microsoft Visual Studio Solution File, Format Version 12.00
# Visual Studio 2013
VisualStudioVersion = 12.0.30501.0
MinimumVisualStudioVersion = 10.0.40219.1
Project("{FAE04EC0-301F-11D3-BF4B-00C04F79EFBC}") = "MEExcelTools", "MEExcelTools\MEExcelTools.csproj", "{F6B25A35-5D7F-401F-B853-11016453F5C6}"
EndProject
Project("{FAE04EC0-301F-11D3-BF4B-00C04F79EFBC}") = "METools.TableConverter", "TableConverter\METools.TableConverter.csproj", "{78CCE9DF-3098-4169-A94F-FB9F68C00605}"
EndProject
Project("{FAE04EC0-301F-11D3-BF4B-00C04F79EFBC}") = "METools.LatexTableConverter", "LatexTableConverter\METools.LatexTableConverter.csproj", "{373B62EB-259D-4F3D-800B-F9EEB6B69639}"
EndProject
Project("{FAE04EC0-301F-11D3-BF4B-00C04F79EFBC}") = "MeTools.ExcelContent", "MeTools.ExcelContent\MeTools.ExcelContent.csproj", "{809ADF53-7EA4-4B37-A7D6-354861859A8E}"
EndProject
Project("{FAE04EC0-301F-11D3-BF4B-00C04F79EFBC}") = "METools.WikiTableConverter", "WikiTableConvertrer\METools.WikiTableConverter.csproj", "{F891E848-52FA-4E53-99F3-2E8644A95F89}"
EndProject
Project("{FAE04EC0-301F-11D3-BF4B-00C04F79EFBC}") = "METools.Utilities", "METools.Utilities\METools.Utilities.csproj", "{1DC02672-2201-4F0C-A942-B3A102B3275B}"
EndProject
Project("{FAE04EC0-301F-11D3-BF4B-00C04F79EFBC}") = "METools.Utilities.Tests", "METools.Utilities.Tests\METools.Utilities.Tests.csproj", "{78D1F183-25BC-4648-9F7B-9960BD905965}"
EndProject
Project("{FAE04EC0-301F-11D3-BF4B-00C04F79EFBC}") = "METools.TestsCommon", "METools.TestsCommon\METools.TestsCommon.csproj", "{0C74A974-C498-4CDB-B901-A64D030D0FE6}"
EndProject
Project("{FAE04EC0-301F-11D3-BF4B-00C04F79EFBC}") = "METools.WikiTableConverter.Tests", "METools.WikiTableConverter.Tests\METools.WikiTableConverter.Tests.csproj", "{77F14EB5-CAF9-4411-8467-0B8185B1C73B}"
EndProject
Project("{FAE04EC0-301F-11D3-BF4B-00C04F79EFBC}") = "METools.LatexTableConverter.Tests", "METools.LatexTableConverter.Tests\METools.LatexTableConverter.Tests.csproj", "{AE12E998-615E-47E1-9083-985B58CDE4D4}"
EndProject
Project("{FAE04EC0-301F-11D3-BF4B-00C04F79EFBC}") = "MEExcelTools.ExcelContent.Tests", "MEExcelTools.ExcelContent.Tests\MEExcelTools.ExcelContent.Tests.csproj", "{91E94F04-F6A5-4924-9E36-FED1EE10B25D}"
EndProject
Global
	GlobalSection(SolutionConfigurationPlatforms) = preSolution
		Debug|Any CPU = Debug|Any CPU
		Release|Any CPU = Release|Any CPU
	EndGlobalSection
	GlobalSection(ProjectConfigurationPlatforms) = postSolution
		{F6B25A35-5D7F-401F-B853-11016453F5C6}.Debug|Any CPU.ActiveCfg = Debug|Any CPU
		{F6B25A35-5D7F-401F-B853-11016453F5C6}.Debug|Any CPU.Build.0 = Debug|Any CPU
		{F6B25A35-5D7F-401F-B853-11016453F5C6}.Release|Any CPU.ActiveCfg = Release|Any CPU
		{F6B25A35-5D7F-401F-B853-11016453F5C6}.Release|Any CPU.Build.0 = Release|Any CPU
		{78CCE9DF-3098-4169-A94F-FB9F68C00605}.Debug|Any CPU.ActiveCfg = Debug|Any CPU
		{78CCE9DF-3098-4169-A94F-FB9F68C00605}.Debug|Any CPU.Build.0 = Debug|Any CPU
		{78CCE9DF-3098-4169-A94F-FB9F68C00605}.Release|Any CPU.ActiveCfg = Release|Any CPU
		{78CCE9DF-3098-4169-A94F-FB9F68C00605}.Release|Any CPU.Build.0 = Release|Any CPU
		{373B62EB-259D-4F3D-800B-F9EEB6B69639}.Debug|Any CPU.ActiveCfg = Debug|Any CPU
		{373B62EB-259D-4F3D-800B-F9EEB6B69639}.Debug|Any CPU.Build.0 = Debug|Any CPU
		{373B62EB-259D-4F3D-800B-F9EEB6B69639}.Release|Any CPU.ActiveCfg = Release|Any CPU
		{373B62EB-259D-4F3D-800B-F9EEB6B69639}.Release|Any CPU.Build.0 = Release|Any CPU
		{809ADF53-7EA4-4B37-A7D6-354861859A8E}.Debug|Any CPU.ActiveCfg = Debug|Any CPU
		{809ADF53-7EA4-4B37-A7D6-354861859A8E}.Debug|Any CPU.Build.0 = Debug|Any CPU
		{809ADF53-7EA4-4B37-A7D6-354861859A8E}.Release|Any CPU.ActiveCfg = Release|Any CPU
		{809ADF53-7EA4-4B37-A7D6-354861859A8E}.Release|Any CPU.Build.0 = Release|Any CPU
		{F891E848-52FA-4E53-99F3-2E8644A95F89}.Debug|Any CPU.ActiveCfg = Debug|Any CPU
		{F891E848-52FA-4E53-99F3-2E8644A95F89}.Debug|Any CPU.Build.0 = Debug|Any CPU
		{F891E848-52FA-4E53-99F3-2E8644A95F89}.Release|Any CPU.ActiveCfg = Release|Any CPU
		{F891E848-52FA-4E53-99F3-2E8644A95F89}.Release|Any CPU.Build.0 = Release|Any CPU
		{1DC02672-2201-4F0C-A942-B3A102B3275B}.Debug|Any CPU.ActiveCfg = Debug|Any CPU
		{1DC02672-2201-4F0C-A942-B3A102B3275B}.Debug|Any CPU.Build.0 = Debug|Any CPU
		{1DC02672-2201-4F0C-A942-B3A102B3275B}.Release|Any CPU.ActiveCfg = Release|Any CPU
		{1DC02672-2201-4F0C-A942-B3A102B3275B}.Release|Any CPU.Build.0 = Release|Any CPU
		{78D1F183-25BC-4648-9F7B-9960BD905965}.Debug|Any CPU.ActiveCfg = Debug|Any CPU
		{78D1F183-25BC-4648-9F7B-9960BD905965}.Debug|Any CPU.Build.0 = Debug|Any CPU
		{78D1F183-25BC-4648-9F7B-9960BD905965}.Release|Any CPU.ActiveCfg = Release|Any CPU
		{78D1F183-25BC-4648-9F7B-9960BD905965}.Release|Any CPU.Build.0 = Release|Any CPU
		{0C74A974-C498-4CDB-B901-A64D030D0FE6}.Debug|Any CPU.ActiveCfg = Debug|Any CPU
		{0C74A974-C498-4CDB-B901-A64D030D0FE6}.Debug|Any CPU.Build.0 = Debug|Any CPU
		{0C74A974-C498-4CDB-B901-A64D030D0FE6}.Release|Any CPU.ActiveCfg = Release|Any CPU
		{0C74A974-C498-4CDB-B901-A64D030D0FE6}.Release|Any CPU.Build.0 = Release|Any CPU
		{77F14EB5-CAF9-4411-8467-0B8185B1C73B}.Debug|Any CPU.ActiveCfg = Debug|Any CPU
		{77F14EB5-CAF9-4411-8467-0B8185B1C73B}.Debug|Any CPU.Build.0 = Debug|Any CPU
		{77F14EB5-CAF9-4411-8467-0B8185B1C73B}.Release|Any CPU.ActiveCfg = Release|Any CPU
		{77F14EB5-CAF9-4411-8467-0B8185B1C73B}.Release|Any CPU.Build.0 = Release|Any CPU
		{AE12E998-615E-47E1-9083-985B58CDE4D4}.Debug|Any CPU.ActiveCfg = Debug|Any CPU
		{AE12E998-615E-47E1-9083-985B58CDE4D4}.Debug|Any CPU.Build.0 = Debug|Any CPU
		{AE12E998-615E-47E1-9083-985B58CDE4D4}.Release|Any CPU.ActiveCfg = Release|Any CPU
		{AE12E998-615E-47E1-9083-985B58CDE4D4}.Release|Any CPU.Build.0 = Release|Any CPU
		{91E94F04-F6A5-4924-9E36-FED1EE10B25D}.Debug|Any CPU.ActiveCfg = Debug|Any CPU
		{91E94F04-F6A5-4924-9E36-FED1EE10B25D}.Debug|Any CPU.Build.0 = Debug|Any CPU
		{91E94F04-F6A5-4924-9E36-FED1EE10B25D}.Release|Any CPU.ActiveCfg = Release|Any CPU
		{91E94F04-F6A5-4924-9E36-FED1EE10B25D}.Release|Any CPU.Build.0 = Release|Any CPU
	EndGlobalSection
	GlobalSection(SolutionProperties) = preSolution
		HideSolutionNode = FALSE
	EndGlobalSection
EndGlobal
